
Microsoft Visual Studio Solution File, Format Version 12.00
# Visual Studio Version 16
VisualStudioVersion = 16.0.30114.105
MinimumVisualStudioVersion = 10.0.40219.1
Project("{FAE04EC0-301F-11D3-BF4B-00C04F79EFBC}") = "Employees.Api", "Employees.Api\Employees.Api.csproj", "{C330E9BD-AAC2-4128-8EC0-BBE7AFABC270}"
EndProject
Project("{FAE04EC0-301F-11D3-BF4B-00C04F79EFBC}") = "Employees.Core", "Employees.Core\Employees.Core.csproj", "{9A9C15D7-920A-4C72-A010-07AC81CC7ECE}"
EndProject
Project("{FAE04EC0-301F-11D3-BF4B-00C04F79EFBC}") = "Employees.Dal", "Employees.Dal\Employees.Dal.csproj", "{95636082-D682-477E-AD7C-03C775564701}"
EndProject
Project("{FAE04EC0-301F-11D3-BF4B-00C04F79EFBC}") = "Employees.Bl", "Employees.Bl\Employees.Bl.csproj", "{F5E63282-1B8C-43CE-B894-D598267E8A94}"
EndProject
Project("{FAE04EC0-301F-11D3-BF4B-00C04F79EFBC}") = "Employees.Infrastructure", "Employees.Infrastructure\Employees.Infrastructure.csproj", "{48258D58-220D-4402-B59D-716B243DEC09}"
EndProject
Global
	GlobalSection(SolutionConfigurationPlatforms) = preSolution
		Debug|Any CPU = Debug|Any CPU
		Release|Any CPU = Release|Any CPU
	EndGlobalSection
	GlobalSection(ProjectConfigurationPlatforms) = postSolution
		{C330E9BD-AAC2-4128-8EC0-BBE7AFABC270}.Debug|Any CPU.ActiveCfg = Debug|Any CPU
		{C330E9BD-AAC2-4128-8EC0-BBE7AFABC270}.Debug|Any CPU.Build.0 = Debug|Any CPU
		{C330E9BD-AAC2-4128-8EC0-BBE7AFABC270}.Release|Any CPU.ActiveCfg = Release|Any CPU
		{C330E9BD-AAC2-4128-8EC0-BBE7AFABC270}.Release|Any CPU.Build.0 = Release|Any CPU
		{9A9C15D7-920A-4C72-A010-07AC81CC7ECE}.Debug|Any CPU.ActiveCfg = Debug|Any CPU
		{9A9C15D7-920A-4C72-A010-07AC81CC7ECE}.Debug|Any CPU.Build.0 = Debug|Any CPU
		{9A9C15D7-920A-4C72-A010-07AC81CC7ECE}.Release|Any CPU.ActiveCfg = Release|Any CPU
		{9A9C15D7-920A-4C72-A010-07AC81CC7ECE}.Release|Any CPU.Build.0 = Release|Any CPU
		{95636082-D682-477E-AD7C-03C775564701}.Debug|Any CPU.ActiveCfg = Debug|Any CPU
		{95636082-D682-477E-AD7C-03C775564701}.Debug|Any CPU.Build.0 = Debug|Any CPU
		{95636082-D682-477E-AD7C-03C775564701}.Release|Any CPU.ActiveCfg = Release|Any CPU
		{95636082-D682-477E-AD7C-03C775564701}.Release|Any CPU.Build.0 = Release|Any CPU
		{F5E63282-1B8C-43CE-B894-D598267E8A94}.Debug|Any CPU.ActiveCfg = Debug|Any CPU
		{F5E63282-1B8C-43CE-B894-D598267E8A94}.Debug|Any CPU.Build.0 = Debug|Any CPU
		{F5E63282-1B8C-43CE-B894-D598267E8A94}.Release|Any CPU.ActiveCfg = Release|Any CPU
		{F5E63282-1B8C-43CE-B894-D598267E8A94}.Release|Any CPU.Build.0 = Release|Any CPU
		{48258D58-220D-4402-B59D-716B243DEC09}.Debug|Any CPU.ActiveCfg = Debug|Any CPU
		{48258D58-220D-4402-B59D-716B243DEC09}.Debug|Any CPU.Build.0 = Debug|Any CPU
		{48258D58-220D-4402-B59D-716B243DEC09}.Release|Any CPU.ActiveCfg = Release|Any CPU
		{48258D58-220D-4402-B59D-716B243DEC09}.Release|Any CPU.Build.0 = Release|Any CPU
	EndGlobalSection
	GlobalSection(SolutionProperties) = preSolution
		HideSolutionNode = FALSE
	EndGlobalSection
	GlobalSection(ExtensibilityGlobals) = postSolution
		SolutionGuid = {A6E1318A-A01C-4A82-8D93-A2A2219E830A}
	EndGlobalSection
EndGlobal
